// !$*UTF8*$!
{
	archiveVersion = 1;
	classes = {
	};
	objectVersion = 46;
	objects = {

/* Begin PBXBuildFile section */
		043EE43C1AAA0D3C00D150F9 /* main.m in Sources */ = {isa = PBXBuildFile; fileRef = 043EE43B1AAA0D3C00D150F9 /* main.m */; };
		043EE43F1AAA0D3C00D150F9 /* AppDelegate.m in Sources */ = {isa = PBXBuildFile; fileRef = 043EE43E1AAA0D3C00D150F9 /* AppDelegate.m */; };
		043EE4421AAA0D3C00D150F9 /* LogInViewController.m in Sources */ = {isa = PBXBuildFile; fileRef = 043EE4411AAA0D3C00D150F9 /* LogInViewController.m */; };
		043EE4451AAA0D3C00D150F9 /* Main.storyboard in Resources */ = {isa = PBXBuildFile; fileRef = 043EE4431AAA0D3C00D150F9 /* Main.storyboard */; };
		043EE4471AAA0D3C00D150F9 /* Images.xcassets in Resources */ = {isa = PBXBuildFile; fileRef = 043EE4461AAA0D3C00D150F9 /* Images.xcassets */; };
		043EE44A1AAA0D3D00D150F9 /* LaunchScreen.xib in Resources */ = {isa = PBXBuildFile; fileRef = 043EE4481AAA0D3D00D150F9 /* LaunchScreen.xib */; };
		043EE4561AAA0D3D00D150F9 /* InstagramTestAppTests.m in Sources */ = {isa = PBXBuildFile; fileRef = 043EE4551AAA0D3D00D150F9 /* InstagramTestAppTests.m */; };
		043EE4631AAA3EFC00D150F9 /* InstagramKit.plist in Resources */ = {isa = PBXBuildFile; fileRef = 043EE4621AAA3EFC00D150F9 /* InstagramKit.plist */; };
		043EE4661AAA46F300D150F9 /* FeedViewController.m in Sources */ = {isa = PBXBuildFile; fileRef = 043EE4651AAA46F300D150F9 /* FeedViewController.m */; };
		043EE46C1AAB1B8500D150F9 /* FeedCell.m in Sources */ = {isa = PBXBuildFile; fileRef = 043EE46B1AAB1B8500D150F9 /* FeedCell.m */; };
		043EE46F1AAB7B7F00D150F9 /* InstagramDataModel.m in Sources */ = {isa = PBXBuildFile; fileRef = 043EE46E1AAB7B7F00D150F9 /* InstagramDataModel.m */; };
		043EE4721AABA7CD00D150F9 /* DetailedViewController.m in Sources */ = {isa = PBXBuildFile; fileRef = 043EE4711AABA7CD00D150F9 /* DetailedViewController.m */; };
		043EE4761AABB3D500D150F9 /* FeedHeader.m in Sources */ = {isa = PBXBuildFile; fileRef = 043EE4751AABB3D500D150F9 /* FeedHeader.m */; };
		043EE4791AAC3A2F00D150F9 /* MediaCell.m in Sources */ = {isa = PBXBuildFile; fileRef = 043EE4781AAC3A2F00D150F9 /* MediaCell.m */; };
		043EE47C1AAC3A4600D150F9 /* CommentCell.m in Sources */ = {isa = PBXBuildFile; fileRef = 043EE47B1AAC3A4600D150F9 /* CommentCell.m */; };
		043EE4811AAC541400D150F9 /* UIButton+LikeExtension.m in Sources */ = {isa = PBXBuildFile; fileRef = 043EE4801AAC541400D150F9 /* UIButton+LikeExtension.m */; };
		043EE4831AACE72900D150F9 /* Security.framework in Frameworks */ = {isa = PBXBuildFile; fileRef = 043EE4821AACE72900D150F9 /* Security.framework */; };
		043EE48A1AAD0B4400D150F9 /* MediaModel.xcdatamodeld in Sources */ = {isa = PBXBuildFile; fileRef = 043EE4881AAD0B4400D150F9 /* MediaModel.xcdatamodeld */; };
		043EE48C1AAD0C5300D150F9 /* CoreData.framework in Frameworks */ = {isa = PBXBuildFile; fileRef = 043EE48B1AAD0C5300D150F9 /* CoreData.framework */; };
		043EE4921AAD18DC00D150F9 /* Media.m in Sources */ = {isa = PBXBuildFile; fileRef = 043EE4911AAD18DC00D150F9 /* Media.m */; };
		043EE4941AAD458C00D150F9 /* icon_120.png in Resources */ = {isa = PBXBuildFile; fileRef = 043EE4931AAD458C00D150F9 /* icon_120.png */; };
		B645C26DA1FC5C2AC283078C /* libPods-InstagramTestApp.a in Frameworks */ = {isa = PBXBuildFile; fileRef = BA8AB921F6EE075134A7393C /* libPods-InstagramTestApp.a */; };
/* End PBXBuildFile section */

/* Begin PBXContainerItemProxy section */
		043EE4501AAA0D3D00D150F9 /* PBXContainerItemProxy */ = {
			isa = PBXContainerItemProxy;
			containerPortal = 043EE42E1AAA0D3C00D150F9 /* Project object */;
			proxyType = 1;
			remoteGlobalIDString = 043EE4351AAA0D3C00D150F9;
			remoteInfo = InstagramTestApp;
		};
/* End PBXContainerItemProxy section */

/* Begin PBXFileReference section */
		043EE4361AAA0D3C00D150F9 /* InstagramTestApp.app */ = {isa = PBXFileReference; explicitFileType = wrapper.application; includeInIndex = 0; path = InstagramTestApp.app; sourceTree = BUILT_PRODUCTS_DIR; };
		043EE43A1AAA0D3C00D150F9 /* Info.plist */ = {isa = PBXFileReference; lastKnownFileType = text.plist.xml; path = Info.plist; sourceTree = "<group>"; };
		043EE43B1AAA0D3C00D150F9 /* main.m */ = {isa = PBXFileReference; lastKnownFileType = sourcecode.c.objc; path = main.m; sourceTree = "<group>"; };
		043EE43D1AAA0D3C00D150F9 /* AppDelegate.h */ = {isa = PBXFileReference; lastKnownFileType = sourcecode.c.h; path = AppDelegate.h; sourceTree = "<group>"; };
		043EE43E1AAA0D3C00D150F9 /* AppDelegate.m */ = {isa = PBXFileReference; lastKnownFileType = sourcecode.c.objc; path = AppDelegate.m; sourceTree = "<group>"; };
		043EE4401AAA0D3C00D150F9 /* LogInViewController.h */ = {isa = PBXFileReference; lastKnownFileType = sourcecode.c.h; path = LogInViewController.h; sourceTree = "<group>"; };
		043EE4411AAA0D3C00D150F9 /* LogInViewController.m */ = {isa = PBXFileReference; lastKnownFileType = sourcecode.c.objc; path = LogInViewController.m; sourceTree = "<group>"; };
		043EE4441AAA0D3C00D150F9 /* Base */ = {isa = PBXFileReference; lastKnownFileType = file.storyboard; name = Base; path = Base.lproj/Main.storyboard; sourceTree = "<group>"; };
		043EE4461AAA0D3C00D150F9 /* Images.xcassets */ = {isa = PBXFileReference; lastKnownFileType = folder.assetcatalog; path = Images.xcassets; sourceTree = "<group>"; };
		043EE4491AAA0D3D00D150F9 /* Base */ = {isa = PBXFileReference; lastKnownFileType = file.xib; name = Base; path = Base.lproj/LaunchScreen.xib; sourceTree = "<group>"; };
		043EE44F1AAA0D3D00D150F9 /* InstagramTestAppTests.xctest */ = {isa = PBXFileReference; explicitFileType = wrapper.cfbundle; includeInIndex = 0; path = InstagramTestAppTests.xctest; sourceTree = BUILT_PRODUCTS_DIR; };
		043EE4541AAA0D3D00D150F9 /* Info.plist */ = {isa = PBXFileReference; lastKnownFileType = text.plist.xml; path = Info.plist; sourceTree = "<group>"; };
		043EE4551AAA0D3D00D150F9 /* InstagramTestAppTests.m */ = {isa = PBXFileReference; lastKnownFileType = sourcecode.c.objc; path = InstagramTestAppTests.m; sourceTree = "<group>"; };
		043EE4621AAA3EFC00D150F9 /* InstagramKit.plist */ = {isa = PBXFileReference; fileEncoding = 4; lastKnownFileType = text.plist.xml; path = InstagramKit.plist; sourceTree = "<group>"; };
		043EE4641AAA46F300D150F9 /* FeedViewController.h */ = {isa = PBXFileReference; fileEncoding = 4; lastKnownFileType = sourcecode.c.h; path = FeedViewController.h; sourceTree = "<group>"; };
		043EE4651AAA46F300D150F9 /* FeedViewController.m */ = {isa = PBXFileReference; fileEncoding = 4; lastKnownFileType = sourcecode.c.objc; path = FeedViewController.m; sourceTree = "<group>"; };
		043EE46A1AAB1B8500D150F9 /* FeedCell.h */ = {isa = PBXFileReference; fileEncoding = 4; lastKnownFileType = sourcecode.c.h; path = FeedCell.h; sourceTree = "<group>"; };
		043EE46B1AAB1B8500D150F9 /* FeedCell.m */ = {isa = PBXFileReference; fileEncoding = 4; lastKnownFileType = sourcecode.c.objc; path = FeedCell.m; sourceTree = "<group>"; };
		043EE46D1AAB7B7F00D150F9 /* InstagramDataModel.h */ = {isa = PBXFileReference; fileEncoding = 4; lastKnownFileType = sourcecode.c.h; path = InstagramDataModel.h; sourceTree = "<group>"; };
		043EE46E1AAB7B7F00D150F9 /* InstagramDataModel.m */ = {isa = PBXFileReference; fileEncoding = 4; lastKnownFileType = sourcecode.c.objc; path = InstagramDataModel.m; sourceTree = "<group>"; };
		043EE4701AABA7CD00D150F9 /* DetailedViewController.h */ = {isa = PBXFileReference; fileEncoding = 4; lastKnownFileType = sourcecode.c.h; path = DetailedViewController.h; sourceTree = "<group>"; };
		043EE4711AABA7CD00D150F9 /* DetailedViewController.m */ = {isa = PBXFileReference; fileEncoding = 4; lastKnownFileType = sourcecode.c.objc; path = DetailedViewController.m; sourceTree = "<group>"; };
		043EE4741AABB3D500D150F9 /* FeedHeader.h */ = {isa = PBXFileReference; fileEncoding = 4; lastKnownFileType = sourcecode.c.h; path = FeedHeader.h; sourceTree = "<group>"; };
		043EE4751AABB3D500D150F9 /* FeedHeader.m */ = {isa = PBXFileReference; fileEncoding = 4; lastKnownFileType = sourcecode.c.objc; path = FeedHeader.m; sourceTree = "<group>"; };
		043EE4771AAC3A2F00D150F9 /* MediaCell.h */ = {isa = PBXFileReference; fileEncoding = 4; lastKnownFileType = sourcecode.c.h; path = MediaCell.h; sourceTree = "<group>"; };
		043EE4781AAC3A2F00D150F9 /* MediaCell.m */ = {isa = PBXFileReference; fileEncoding = 4; lastKnownFileType = sourcecode.c.objc; path = MediaCell.m; sourceTree = "<group>"; };
		043EE47A1AAC3A4600D150F9 /* CommentCell.h */ = {isa = PBXFileReference; fileEncoding = 4; lastKnownFileType = sourcecode.c.h; path = CommentCell.h; sourceTree = "<group>"; };
		043EE47B1AAC3A4600D150F9 /* CommentCell.m */ = {isa = PBXFileReference; fileEncoding = 4; lastKnownFileType = sourcecode.c.objc; path = CommentCell.m; sourceTree = "<group>"; };
		043EE47F1AAC541400D150F9 /* UIButton+LikeExtension.h */ = {isa = PBXFileReference; fileEncoding = 4; lastKnownFileType = sourcecode.c.h; path = "UIButton+LikeExtension.h"; sourceTree = "<group>"; };
		043EE4801AAC541400D150F9 /* UIButton+LikeExtension.m */ = {isa = PBXFileReference; fileEncoding = 4; lastKnownFileType = sourcecode.c.objc; path = "UIButton+LikeExtension.m"; sourceTree = "<group>"; };
		043EE4821AACE72900D150F9 /* Security.framework */ = {isa = PBXFileReference; lastKnownFileType = wrapper.framework; name = Security.framework; path = System/Library/Frameworks/Security.framework; sourceTree = SDKROOT; };
		043EE4891AAD0B4400D150F9 /* MediaModel.xcdatamodel */ = {isa = PBXFileReference; lastKnownFileType = wrapper.xcdatamodel; path = MediaModel.xcdatamodel; sourceTree = "<group>"; };
		043EE48B1AAD0C5300D150F9 /* CoreData.framework */ = {isa = PBXFileReference; lastKnownFileType = wrapper.framework; name = CoreData.framework; path = System/Library/Frameworks/CoreData.framework; sourceTree = SDKROOT; };
		043EE4901AAD18DC00D150F9 /* Media.h */ = {isa = PBXFileReference; fileEncoding = 4; lastKnownFileType = sourcecode.c.h; path = Media.h; sourceTree = "<group>"; };
		043EE4911AAD18DC00D150F9 /* Media.m */ = {isa = PBXFileReference; fileEncoding = 4; lastKnownFileType = sourcecode.c.objc; path = Media.m; sourceTree = "<group>"; };
		043EE4931AAD458C00D150F9 /* icon_120.png */ = {isa = PBXFileReference; lastKnownFileType = image.png; path = icon_120.png; sourceTree = "<group>"; };
		800A88CCA45CEDDD400033B6 /* Pods-InstagramTestApp.release.xcconfig */ = {isa = PBXFileReference; includeInIndex = 1; lastKnownFileType = text.xcconfig; name = "Pods-InstagramTestApp.release.xcconfig"; path = "Pods/Target Support Files/Pods-InstagramTestApp/Pods-InstagramTestApp.release.xcconfig"; sourceTree = "<group>"; };
		A28FF339D47C495B84CA38B2 /* Pods-InstagramTestApp.debug.xcconfig */ = {isa = PBXFileReference; includeInIndex = 1; lastKnownFileType = text.xcconfig; name = "Pods-InstagramTestApp.debug.xcconfig"; path = "Pods/Target Support Files/Pods-InstagramTestApp/Pods-InstagramTestApp.debug.xcconfig"; sourceTree = "<group>"; };
		BA8AB921F6EE075134A7393C /* libPods-InstagramTestApp.a */ = {isa = PBXFileReference; explicitFileType = archive.ar; includeInIndex = 0; path = "libPods-InstagramTestApp.a"; sourceTree = BUILT_PRODUCTS_DIR; };
/* End PBXFileReference section */

/* Begin PBXFrameworksBuildPhase section */
		043EE4331AAA0D3C00D150F9 /* Frameworks */ = {
			isa = PBXFrameworksBuildPhase;
			buildActionMask = 2147483647;
			files = (
				043EE48C1AAD0C5300D150F9 /* CoreData.framework in Frameworks */,
				043EE4831AACE72900D150F9 /* Security.framework in Frameworks */,
				B645C26DA1FC5C2AC283078C /* libPods-InstagramTestApp.a in Frameworks */,
			);
			runOnlyForDeploymentPostprocessing = 0;
		};
		043EE44C1AAA0D3D00D150F9 /* Frameworks */ = {
			isa = PBXFrameworksBuildPhase;
			buildActionMask = 2147483647;
			files = (
			);
			runOnlyForDeploymentPostprocessing = 0;
		};
/* End PBXFrameworksBuildPhase section */

/* Begin PBXGroup section */
		043EE42D1AAA0D3C00D150F9 = {
			isa = PBXGroup;
			children = (
				043EE4381AAA0D3C00D150F9 /* InstagramTestApp */,
				043EE4521AAA0D3D00D150F9 /* InstagramTestAppTests */,
				043EE4371AAA0D3C00D150F9 /* Products */,
				29411A7880376C8AA7842295 /* Pods */,
				262C089DEC38A8DD9D5E19B1 /* Frameworks */,
			);
			sourceTree = "<group>";
		};
		043EE4371AAA0D3C00D150F9 /* Products */ = {
			isa = PBXGroup;
			children = (
				043EE4361AAA0D3C00D150F9 /* InstagramTestApp.app */,
				043EE44F1AAA0D3D00D150F9 /* InstagramTestAppTests.xctest */,
			);
			name = Products;
			sourceTree = "<group>";
		};
		043EE4381AAA0D3C00D150F9 /* InstagramTestApp */ = {
			isa = PBXGroup;
			children = (
				043EE4841AAD02B100D150F9 /* Delegate */,
				043EE4851AAD031400D150F9 /* Categories */,
				043EE4731AABA7D300D150F9 /* Models */,
				043EE4871AAD0A1D00D150F9 /* Controllers */,
				043EE4431AAA0D3C00D150F9 /* Main.storyboard */,
				043EE4461AAA0D3C00D150F9 /* Images.xcassets */,
				043EE4931AAD458C00D150F9 /* icon_120.png */,
				043EE4481AAA0D3D00D150F9 /* LaunchScreen.xib */,
				043EE4391AAA0D3C00D150F9 /* Supporting Files */,
			);
			path = InstagramTestApp;
			sourceTree = "<group>";
		};
		043EE4391AAA0D3C00D150F9 /* Supporting Files */ = {
			isa = PBXGroup;
			children = (
				043EE43A1AAA0D3C00D150F9 /* Info.plist */,
				043EE4621AAA3EFC00D150F9 /* InstagramKit.plist */,
				043EE43B1AAA0D3C00D150F9 /* main.m */,
			);
			name = "Supporting Files";
			sourceTree = "<group>";
		};
		043EE4521AAA0D3D00D150F9 /* InstagramTestAppTests */ = {
			isa = PBXGroup;
			children = (
				043EE4551AAA0D3D00D150F9 /* InstagramTestAppTests.m */,
				043EE4531AAA0D3D00D150F9 /* Supporting Files */,
			);
			path = InstagramTestAppTests;
			sourceTree = "<group>";
		};
		043EE4531AAA0D3D00D150F9 /* Supporting Files */ = {
			isa = PBXGroup;
			children = (
				043EE4541AAA0D3D00D150F9 /* Info.plist */,
			);
			name = "Supporting Files";
			sourceTree = "<group>";
		};
		043EE4731AABA7D300D150F9 /* Models */ = {
			isa = PBXGroup;
			children = (
				043EE46D1AAB7B7F00D150F9 /* InstagramDataModel.h */,
				043EE46E1AAB7B7F00D150F9 /* InstagramDataModel.m */,
				043EE4901AAD18DC00D150F9 /* Media.h */,
				043EE4911AAD18DC00D150F9 /* Media.m */,
				043EE4881AAD0B4400D150F9 /* MediaModel.xcdatamodeld */,
			);
			name = Models;
			sourceTree = "<group>";
		};
		043EE47D1AAC535300D150F9 /* FeedScreen */ = {
			isa = PBXGroup;
			children = (
				043EE4641AAA46F300D150F9 /* FeedViewController.h */,
				043EE4651AAA46F300D150F9 /* FeedViewController.m */,
				043EE46A1AAB1B8500D150F9 /* FeedCell.h */,
				043EE46B1AAB1B8500D150F9 /* FeedCell.m */,
				043EE4741AABB3D500D150F9 /* FeedHeader.h */,
				043EE4751AABB3D500D150F9 /* FeedHeader.m */,
			);
			name = FeedScreen;
			sourceTree = "<group>";
		};
		043EE47E1AAC536C00D150F9 /* DetailedViewScreen */ = {
			isa = PBXGroup;
			children = (
				043EE4701AABA7CD00D150F9 /* DetailedViewController.h */,
				043EE4711AABA7CD00D150F9 /* DetailedViewController.m */,
				043EE4771AAC3A2F00D150F9 /* MediaCell.h */,
				043EE4781AAC3A2F00D150F9 /* MediaCell.m */,
				043EE47A1AAC3A4600D150F9 /* CommentCell.h */,
				043EE47B1AAC3A4600D150F9 /* CommentCell.m */,
			);
			name = DetailedViewScreen;
			sourceTree = "<group>";
		};
		043EE4841AAD02B100D150F9 /* Delegate */ = {
			isa = PBXGroup;
			children = (
				043EE43D1AAA0D3C00D150F9 /* AppDelegate.h */,
				043EE43E1AAA0D3C00D150F9 /* AppDelegate.m */,
			);
			name = Delegate;
			sourceTree = "<group>";
		};
		043EE4851AAD031400D150F9 /* Categories */ = {
			isa = PBXGroup;
			children = (
				043EE47F1AAC541400D150F9 /* UIButton+LikeExtension.h */,
				043EE4801AAC541400D150F9 /* UIButton+LikeExtension.m */,
			);
			name = Categories;
			sourceTree = "<group>";
		};
		043EE4861AAD032900D150F9 /* LoginScreen */ = {
			isa = PBXGroup;
			children = (
				043EE4401AAA0D3C00D150F9 /* LogInViewController.h */,
				043EE4411AAA0D3C00D150F9 /* LogInViewController.m */,
			);
			name = LoginScreen;
			sourceTree = "<group>";
		};
		043EE4871AAD0A1D00D150F9 /* Controllers */ = {
			isa = PBXGroup;
			children = (
				043EE4861AAD032900D150F9 /* LoginScreen */,
				043EE47D1AAC535300D150F9 /* FeedScreen */,
				043EE47E1AAC536C00D150F9 /* DetailedViewScreen */,
			);
			name = Controllers;
			sourceTree = "<group>";
		};
		262C089DEC38A8DD9D5E19B1 /* Frameworks */ = {
			isa = PBXGroup;
			children = (
				043EE48B1AAD0C5300D150F9 /* CoreData.framework */,
				043EE4821AACE72900D150F9 /* Security.framework */,
				BA8AB921F6EE075134A7393C /* libPods-InstagramTestApp.a */,
			);
			name = Frameworks;
			sourceTree = "<group>";
		};
		29411A7880376C8AA7842295 /* Pods */ = {
			isa = PBXGroup;
			children = (
				A28FF339D47C495B84CA38B2 /* Pods-InstagramTestApp.debug.xcconfig */,
				800A88CCA45CEDDD400033B6 /* Pods-InstagramTestApp.release.xcconfig */,
			);
			name = Pods;
			sourceTree = "<group>";
		};
/* End PBXGroup section */

/* Begin PBXNativeTarget section */
		043EE4351AAA0D3C00D150F9 /* InstagramTestApp */ = {
			isa = PBXNativeTarget;
			buildConfigurationList = 043EE4591AAA0D3D00D150F9 /* Build configuration list for PBXNativeTarget "InstagramTestApp" */;
			buildPhases = (
				4AD3514F893416DC6B2D7016 /* Check Pods Manifest.lock */,
				043EE4321AAA0D3C00D150F9 /* Sources */,
				043EE4331AAA0D3C00D150F9 /* Frameworks */,
				043EE4341AAA0D3C00D150F9 /* Resources */,
				F1904CF231D4B2706CE2DA9A /* Copy Pods Resources */,
			);
			buildRules = (
			);
			dependencies = (
			);
			name = InstagramTestApp;
			productName = InstagramTestApp;
			productReference = 043EE4361AAA0D3C00D150F9 /* InstagramTestApp.app */;
			productType = "com.apple.product-type.application";
		};
		043EE44E1AAA0D3D00D150F9 /* InstagramTestAppTests */ = {
			isa = PBXNativeTarget;
			buildConfigurationList = 043EE45C1AAA0D3D00D150F9 /* Build configuration list for PBXNativeTarget "InstagramTestAppTests" */;
			buildPhases = (
				043EE44B1AAA0D3D00D150F9 /* Sources */,
				043EE44C1AAA0D3D00D150F9 /* Frameworks */,
				043EE44D1AAA0D3D00D150F9 /* Resources */,
			);
			buildRules = (
			);
			dependencies = (
				043EE4511AAA0D3D00D150F9 /* PBXTargetDependency */,
			);
			name = InstagramTestAppTests;
			productName = InstagramTestAppTests;
			productReference = 043EE44F1AAA0D3D00D150F9 /* InstagramTestAppTests.xctest */;
			productType = "com.apple.product-type.bundle.unit-test";
		};
/* End PBXNativeTarget section */

/* Begin PBXProject section */
		043EE42E1AAA0D3C00D150F9 /* Project object */ = {
			isa = PBXProject;
			attributes = {
				LastUpgradeCheck = 0610;
				ORGANIZATIONNAME = "Artem Porohov";
				TargetAttributes = {
					043EE4351AAA0D3C00D150F9 = {
						CreatedOnToolsVersion = 6.1.1;
					};
					043EE44E1AAA0D3D00D150F9 = {
						CreatedOnToolsVersion = 6.1.1;
						TestTargetID = 043EE4351AAA0D3C00D150F9;
					};
				};
			};
			buildConfigurationList = 043EE4311AAA0D3C00D150F9 /* Build configuration list for PBXProject "InstagramTestApp" */;
			compatibilityVersion = "Xcode 3.2";
			developmentRegion = English;
			hasScannedForEncodings = 0;
			knownRegions = (
				en,
				Base,
			);
			mainGroup = 043EE42D1AAA0D3C00D150F9;
			productRefGroup = 043EE4371AAA0D3C00D150F9 /* Products */;
			projectDirPath = "";
			projectRoot = "";
			targets = (
				043EE4351AAA0D3C00D150F9 /* InstagramTestApp */,
				043EE44E1AAA0D3D00D150F9 /* InstagramTestAppTests */,
			);
		};
/* End PBXProject section */

/* Begin PBXResourcesBuildPhase section */
		043EE4341AAA0D3C00D150F9 /* Resources */ = {
			isa = PBXResourcesBuildPhase;
			buildActionMask = 2147483647;
			files = (
				043EE4451AAA0D3C00D150F9 /* Main.storyboard in Resources */,
				043EE4941AAD458C00D150F9 /* icon_120.png in Resources */,
				043EE44A1AAA0D3D00D150F9 /* LaunchScreen.xib in Resources */,
				043EE4631AAA3EFC00D150F9 /* InstagramKit.plist in Resources */,
				043EE4471AAA0D3C00D150F9 /* Images.xcassets in Resources */,
			);
			runOnlyForDeploymentPostprocessing = 0;
		};
		043EE44D1AAA0D3D00D150F9 /* Resources */ = {
			isa = PBXResourcesBuildPhase;
			buildActionMask = 2147483647;
			files = (
			);
			runOnlyForDeploymentPostprocessing = 0;
		};
/* End PBXResourcesBuildPhase section */

/* Begin PBXShellScriptBuildPhase section */
		4AD3514F893416DC6B2D7016 /* Check Pods Manifest.lock */ = {
			isa = PBXShellScriptBuildPhase;
			buildActionMask = 2147483647;
			files = (
			);
			inputPaths = (
			);
			name = "Check Pods Manifest.lock";
			outputPaths = (
			);
			runOnlyForDeploymentPostprocessing = 0;
			shellPath = /bin/sh;
			shellScript = "diff \"${PODS_ROOT}/../Podfile.lock\" \"${PODS_ROOT}/Manifest.lock\" > /dev/null\nif [[ $? != 0 ]] ; then\n    cat << EOM\nerror: The sandbox is not in sync with the Podfile.lock. Run 'pod install' or update your CocoaPods installation.\nEOM\n    exit 1\nfi\n";
			showEnvVarsInLog = 0;
		};
		F1904CF231D4B2706CE2DA9A /* Copy Pods Resources */ = {
			isa = PBXShellScriptBuildPhase;
			buildActionMask = 2147483647;
			files = (
			);
			inputPaths = (
			);
			name = "Copy Pods Resources";
			outputPaths = (
			);
			runOnlyForDeploymentPostprocessing = 0;
			shellPath = /bin/sh;
			shellScript = "\"${SRCROOT}/Pods/Target Support Files/Pods-InstagramTestApp/Pods-InstagramTestApp-resources.sh\"\n";
			showEnvVarsInLog = 0;
		};
/* End PBXShellScriptBuildPhase section */

/* Begin PBXSourcesBuildPhase section */
		043EE4321AAA0D3C00D150F9 /* Sources */ = {
			isa = PBXSourcesBuildPhase;
			buildActionMask = 2147483647;
			files = (
				043EE4421AAA0D3C00D150F9 /* LogInViewController.m in Sources */,
				043EE46C1AAB1B8500D150F9 /* FeedCell.m in Sources */,
				043EE4791AAC3A2F00D150F9 /* MediaCell.m in Sources */,
				043EE47C1AAC3A4600D150F9 /* CommentCell.m in Sources */,
				043EE48A1AAD0B4400D150F9 /* MediaModel.xcdatamodeld in Sources */,
				043EE4721AABA7CD00D150F9 /* DetailedViewController.m in Sources */,
				043EE46F1AAB7B7F00D150F9 /* InstagramDataModel.m in Sources */,
				043EE4761AABB3D500D150F9 /* FeedHeader.m in Sources */,
				043EE4921AAD18DC00D150F9 /* Media.m in Sources */,
				043EE43F1AAA0D3C00D150F9 /* AppDelegate.m in Sources */,
				043EE4811AAC541400D150F9 /* UIButton+LikeExtension.m in Sources */,
				043EE4661AAA46F300D150F9 /* FeedViewController.m in Sources */,
				043EE43C1AAA0D3C00D150F9 /* main.m in Sources */,
			);
			runOnlyForDeploymentPostprocessing = 0;
		};
		043EE44B1AAA0D3D00D150F9 /* Sources */ = {
			isa = PBXSourcesBuildPhase;
			buildActionMask = 2147483647;
			files = (
				043EE4561AAA0D3D00D150F9 /* InstagramTestAppTests.m in Sources */,
			);
			runOnlyForDeploymentPostprocessing = 0;
		};
/* End PBXSourcesBuildPhase section */

/* Begin PBXTargetDependency section */
		043EE4511AAA0D3D00D150F9 /* PBXTargetDependency */ = {
			isa = PBXTargetDependency;
			target = 043EE4351AAA0D3C00D150F9 /* InstagramTestApp */;
			targetProxy = 043EE4501AAA0D3D00D150F9 /* PBXContainerItemProxy */;
		};
/* End PBXTargetDependency section */

/* Begin PBXVariantGroup section */
		043EE4431AAA0D3C00D150F9 /* Main.storyboard */ = {
			isa = PBXVariantGroup;
			children = (
				043EE4441AAA0D3C00D150F9 /* Base */,
			);
			name = Main.storyboard;
			sourceTree = "<group>";
		};
		043EE4481AAA0D3D00D150F9 /* LaunchScreen.xib */ = {
			isa = PBXVariantGroup;
			children = (
				043EE4491AAA0D3D00D150F9 /* Base */,
			);
			name = LaunchScreen.xib;
			sourceTree = "<group>";
		};
/* End PBXVariantGroup section */

/* Begin XCBuildConfiguration section */
		043EE4571AAA0D3D00D150F9 /* Debug */ = {
			isa = XCBuildConfiguration;
			buildSettings = {
				ALWAYS_SEARCH_USER_PATHS = NO;
				CLANG_CXX_LANGUAGE_STANDARD = "gnu++0x";
				CLANG_CXX_LIBRARY = "libc++";
				CLANG_ENABLE_MODULES = YES;
				CLANG_ENABLE_OBJC_ARC = YES;
				CLANG_WARN_BOOL_CONVERSION = YES;
				CLANG_WARN_CONSTANT_CONVERSION = YES;
				CLANG_WARN_DIRECT_OBJC_ISA_USAGE = YES_ERROR;
				CLANG_WARN_EMPTY_BODY = YES;
				CLANG_WARN_ENUM_CONVERSION = YES;
				CLANG_WARN_INT_CONVERSION = YES;
				CLANG_WARN_OBJC_ROOT_CLASS = YES_ERROR;
				CLANG_WARN_UNREACHABLE_CODE = YES;
				CLANG_WARN__DUPLICATE_METHOD_MATCH = YES;
				"CODE_SIGN_IDENTITY[sdk=iphoneos*]" = "iPhone Developer";
				COPY_PHASE_STRIP = NO;
				ENABLE_STRICT_OBJC_MSGSEND = YES;
				GCC_C_LANGUAGE_STANDARD = gnu99;
				GCC_DYNAMIC_NO_PIC = NO;
				GCC_OPTIMIZATION_LEVEL = 0;
				GCC_PREPROCESSOR_DEFINITIONS = (
					"DEBUG=1",
					"$(inherited)",
				);
				GCC_SYMBOLS_PRIVATE_EXTERN = NO;
				GCC_WARN_64_TO_32_BIT_CONVERSION = YES;
				GCC_WARN_ABOUT_RETURN_TYPE = YES_ERROR;
				GCC_WARN_UNDECLARED_SELECTOR = YES;
				GCC_WARN_UNINITIALIZED_AUTOS = YES_AGGRESSIVE;
				GCC_WARN_UNUSED_FUNCTION = YES;
				GCC_WARN_UNUSED_VARIABLE = YES;
				IPHONEOS_DEPLOYMENT_TARGET = 8.1;
				MTL_ENABLE_DEBUG_INFO = YES;
				ONLY_ACTIVE_ARCH = YES;
				SDKROOT = iphoneos;
			};
			name = Debug;
		};
		043EE4581AAA0D3D00D150F9 /* Release */ = {
			isa = XCBuildConfiguration;
			buildSettings = {
				ALWAYS_SEARCH_USER_PATHS = NO;
				CLANG_CXX_LANGUAGE_STANDARD = "gnu++0x";
				CLANG_CXX_LIBRARY = "libc++";
				CLANG_ENABLE_MODULES = YES;
				CLANG_ENABLE_OBJC_ARC = YES;
				CLANG_WARN_BOOL_CONVERSION = YES;
				CLANG_WARN_CONSTANT_CONVERSION = YES;
				CLANG_WARN_DIRECT_OBJC_ISA_USAGE = YES_ERROR;
				CLANG_WARN_EMPTY_BODY = YES;
				CLANG_WARN_ENUM_CONVERSION = YES;
				CLANG_WARN_INT_CONVERSION = YES;
				CLANG_WARN_OBJC_ROOT_CLASS = YES_ERROR;
				CLANG_WARN_UNREACHABLE_CODE = YES;
				CLANG_WARN__DUPLICATE_METHOD_MATCH = YES;
				"CODE_SIGN_IDENTITY[sdk=iphoneos*]" = "iPhone Developer";
				COPY_PHASE_STRIP = YES;
				ENABLE_NS_ASSERTIONS = NO;
				ENABLE_STRICT_OBJC_MSGSEND = YES;
				GCC_C_LANGUAGE_STANDARD = gnu99;
				GCC_WARN_64_TO_32_BIT_CONVERSION = YES;
				GCC_WARN_ABOUT_RETURN_TYPE = YES_ERROR;
				GCC_WARN_UNDECLARED_SELECTOR = YES;
				GCC_WARN_UNINITIALIZED_AUTOS = YES_AGGRESSIVE;
				GCC_WARN_UNUSED_FUNCTION = YES;
				GCC_WARN_UNUSED_VARIABLE = YES;
				IPHONEOS_DEPLOYMENT_TARGET = 8.1;
				MTL_ENABLE_DEBUG_INFO = NO;
				SDKROOT = iphoneos;
				VALIDATE_PRODUCT = YES;
			};
			name = Release;
		};
		043EE45A1AAA0D3D00D150F9 /* Debug */ = {
			isa = XCBuildConfiguration;
			baseConfigurationReference = A28FF339D47C495B84CA38B2 /* Pods-InstagramTestApp.debug.xcconfig */;
			buildSettings = {
				ASSETCATALOG_COMPILER_APPICON_NAME = AppIcon;
				INFOPLIST_FILE = InstagramTestApp/Info.plist;
				LD_RUNPATH_SEARCH_PATHS = "$(inherited) @executable_path/Frameworks";
				PRODUCT_NAME = "$(TARGET_NAME)";
			};
			name = Debug;
		};
		043EE45B1AAA0D3D00D150F9 /* Release */ = {
			isa = XCBuildConfiguration;
			baseConfigurationReference = 800A88CCA45CEDDD400033B6 /* Pods-InstagramTestApp.release.xcconfig */;
			buildSettings = {
				ASSETCATALOG_COMPILER_APPICON_NAME = AppIcon;
				INFOPLIST_FILE = InstagramTestApp/Info.plist;
				LD_RUNPATH_SEARCH_PATHS = "$(inherited) @executable_path/Frameworks";
				PRODUCT_NAME = "$(TARGET_NAME)";
			};
			name = Release;
		};
		043EE45D1AAA0D3D00D150F9 /* Debug */ = {
			isa = XCBuildConfiguration;
			buildSettings = {
				BUNDLE_LOADER = "$(TEST_HOST)";
				FRAMEWORK_SEARCH_PATHS = (
					"$(SDKROOT)/Developer/Library/Frameworks",
					"$(inherited)",
				);
				GCC_PREPROCESSOR_DEFINITIONS = (
					"DEBUG=1",
					"$(inherited)",
				);
				INFOPLIST_FILE = InstagramTestAppTests/Info.plist;
				LD_RUNPATH_SEARCH_PATHS = "$(inherited) @executable_path/Frameworks @loader_path/Frameworks";
				PRODUCT_NAME = "$(TARGET_NAME)";
				TEST_HOST = "$(BUILT_PRODUCTS_DIR)/InstagramTestApp.app/InstagramTestApp";
			};
			name = Debug;
		};
		043EE45E1AAA0D3D00D150F9 /* Release */ = {
			isa = XCBuildConfiguration;
			buildSettings = {
				BUNDLE_LOADER = "$(TEST_HOST)";
				FRAMEWORK_SEARCH_PATHS = (
					"$(SDKROOT)/Developer/Library/Frameworks",
					"$(inherited)",
				);
				INFOPLIST_FILE = InstagramTestAppTests/Info.plist;
				LD_RUNPATH_SEARCH_PATHS = "$(inherited) @executable_path/Frameworks @loader_path/Frameworks";
				PRODUCT_NAME = "$(TARGET_NAME)";
				TEST_HOST = "$(BUILT_PRODUCTS_DIR)/InstagramTestApp.app/InstagramTestApp";
			};
			name = Release;
		};
/* End XCBuildConfiguration section */

/* Begin XCConfigurationList section */
		043EE4311AAA0D3C00D150F9 /* Build configuration list for PBXProject "InstagramTestApp" */ = {
			isa = XCConfigurationList;
			buildConfigurations = (
				043EE4571AAA0D3D00D150F9 /* Debug */,
				043EE4581AAA0D3D00D150F9 /* Release */,
			);
			defaultConfigurationIsVisible = 0;
			defaultConfigurationName = Release;
		};
		043EE4591AAA0D3D00D150F9 /* Build configuration list for PBXNativeTarget "InstagramTestApp" */ = {
			isa = XCConfigurationList;
			buildConfigurations = (
				043EE45A1AAA0D3D00D150F9 /* Debug */,
				043EE45B1AAA0D3D00D150F9 /* Release */,
			);
			defaultConfigurationIsVisible = 0;
			defaultConfigurationName = Release;
		};
		043EE45C1AAA0D3D00D150F9 /* Build configuration list for PBXNativeTarget "InstagramTestAppTests" */ = {
			isa = XCConfigurationList;
			buildConfigurations = (
				043EE45D1AAA0D3D00D150F9 /* Debug */,
				043EE45E1AAA0D3D00D150F9 /* Release */,
			);
			defaultConfigurationIsVisible = 0;
			defaultConfigurationName = Release;
		};
/* End XCConfigurationList section */

/* Begin XCVersionGroup section */
		043EE4881AAD0B4400D150F9 /* MediaModel.xcdatamodeld */ = {
			isa = XCVersionGroup;
			children = (
				043EE4891AAD0B4400D150F9 /* MediaModel.xcdatamodel */,
			);
			currentVersion = 043EE4891AAD0B4400D150F9 /* MediaModel.xcdatamodel */;
			path = MediaModel.xcdatamodeld;
			sourceTree = "<group>";
			versionGroupType = wrapper.xcdatamodel;
		};
/* End XCVersionGroup section */
	};
	rootObject = 043EE42E1AAA0D3C00D150F9 /* Project object */;
}
