// !$*UTF8*$!
{
	archiveVersion = 1;
	classes = {
	};
	objectVersion = 46;
	objects = {

/* Begin PBXBuildFile section */
		043EE43C1AAA0D3C00D150F9 /* main.m in Sources */ = {isa = PBXBuildFile; fileRef = 043EE43B1AAA0D3C00D150F9 /* main.m */; };
		043EE43F1AAA0D3C00D150F9 /* AppDelegate.m in Sources */ = {isa = PBXBuildFile; fileRef = 043EE43E1AAA0D3C00D150F9 /* AppDelegate.m */; };
		043EE4421AAA0D3C00D150F9 /* ViewController.m in Sources */ = {isa = PBXBuildFile; fileRef = 043EE4411AAA0D3C00D150F9 /* ViewController.m */; };
		043EE4451AAA0D3C00D150F9 /* Main.storyboard in Resources */ = {isa = PBXBuildFile; fileRef = 043EE4431AAA0D3C00D150F9 /* Main.storyboard */; };
		043EE4471AAA0D3C00D150F9 /* Images.xcassets in Resources */ = {isa = PBXBuildFile; fileRef = 043EE4461AAA0D3C00D150F9 /* Images.xcassets */; };
		043EE44A1AAA0D3D00D150F9 /* LaunchScreen.xib in Resources */ = {isa = PBXBuildFile; fileRef = 043EE4481AAA0D3D00D150F9 /* LaunchScreen.xib */; };
		043EE4561AAA0D3D00D150F9 /* InstagramTestAppTests.m in Sources */ = {isa = PBXBuildFile; fileRef = 043EE4551AAA0D3D00D150F9 /* InstagramTestAppTests.m */; };
/* End PBXBuildFile section */

/* Begin PBXContainerItemProxy section */
		043EE4501AAA0D3D00D150F9 /* PBXContainerItemProxy */ = {
			isa = PBXContainerItemProxy;
			containerPortal = 043EE42E1AAA0D3C00D150F9 /* Project object */;
			proxyType = 1;
			remoteGlobalIDString = 043EE4351AAA0D3C00D150F9;
			remoteInfo = InstagramTestApp;
		};
/* End PBXContainerItemProxy section */

/* Begin PBXFileReference section */
		043EE4361AAA0D3C00D150F9 /* InstagramTestApp.app */ = {isa = PBXFileReference; explicitFileType = wrapper.application; includeInIndex = 0; path = InstagramTestApp.app; sourceTree = BUILT_PRODUCTS_DIR; };
		043EE43A1AAA0D3C00D150F9 /* Info.plist */ = {isa = PBXFileReference; lastKnownFileType = text.plist.xml; path = Info.plist; sourceTree = "<group>"; };
		043EE43B1AAA0D3C00D150F9 /* main.m */ = {isa = PBXFileReference; lastKnownFileType = sourcecode.c.objc; path = main.m; sourceTree = "<group>"; };
		043EE43D1AAA0D3C00D150F9 /* AppDelegate.h */ = {isa = PBXFileReference; lastKnownFileType = sourcecode.c.h; path = AppDelegate.h; sourceTree = "<group>"; };
		043EE43E1AAA0D3C00D150F9 /* AppDelegate.m */ = {isa = PBXFileReference; lastKnownFileType = sourcecode.c.objc; path = AppDelegate.m; sourceTree = "<group>"; };
		043EE4401AAA0D3C00D150F9 /* ViewController.h */ = {isa = PBXFileReference; lastKnownFileType = sourcecode.c.h; path = ViewController.h; sourceTree = "<group>"; };
		043EE4411AAA0D3C00D150F9 /* ViewController.m */ = {isa = PBXFileReference; lastKnownFileType = sourcecode.c.objc; path = ViewController.m; sourceTree = "<group>"; };
		043EE4441AAA0D3C00D150F9 /* Base */ = {isa = PBXFileReference; lastKnownFileType = file.storyboard; name = Base; path = Base.lproj/Main.storyboard; sourceTree = "<group>"; };
		043EE4461AAA0D3C00D150F9 /* Images.xcassets */ = {isa = PBXFileReference; lastKnownFileType = folder.assetcatalog; path = Images.xcassets; sourceTree = "<group>"; };
		043EE4491AAA0D3D00D150F9 /* Base */ = {isa = PBXFileReference; lastKnownFileType = file.xib; name = Base; path = Base.lproj/LaunchScreen.xib; sourceTree = "<group>"; };
		043EE44F1AAA0D3D00D150F9 /* InstagramTestAppTests.xctest */ = {isa = PBXFileReference; explicitFileType = wrapper.cfbundle; includeInIndex = 0; path = InstagramTestAppTests.xctest; sourceTree = BUILT_PRODUCTS_DIR; };
		043EE4541AAA0D3D00D150F9 /* Info.plist */ = {isa = PBXFileReference; lastKnownFileType = text.plist.xml; path = Info.plist; sourceTree = "<group>"; };
		043EE4551AAA0D3D00D150F9 /* InstagramTestAppTests.m */ = {isa = PBXFileReference; lastKnownFileType = sourcecode.c.objc; path = InstagramTestAppTests.m; sourceTree = "<group>"; };
/* End PBXFileReference section */

/* Begin PBXFrameworksBuildPhase section */
		043EE4331AAA0D3C00D150F9 /* Frameworks */ = {
			isa = PBXFrameworksBuildPhase;
			buildActionMask = 2147483647;
			files = (
			);
			runOnlyForDeploymentPostprocessing = 0;
		};
		043EE44C1AAA0D3D00D150F9 /* Frameworks */ = {
			isa = PBXFrameworksBuildPhase;
			buildActionMask = 2147483647;
			files = (
			);
			runOnlyForDeploymentPostprocessing = 0;
		};
/* End PBXFrameworksBuildPhase section */

/* Begin PBXGroup section */
		043EE42D1AAA0D3C00D150F9 = {
			isa = PBXGroup;
			children = (
				043EE4381AAA0D3C00D150F9 /* InstagramTestApp */,
				043EE4521AAA0D3D00D150F9 /* InstagramTestAppTests */,
				043EE4371AAA0D3C00D150F9 /* Products */,
			);
			sourceTree = "<group>";
		};
		043EE4371AAA0D3C00D150F9 /* Products */ = {
			isa = PBXGroup;
			children = (
				043EE4361AAA0D3C00D150F9 /* InstagramTestApp.app */,
				043EE44F1AAA0D3D00D150F9 /* InstagramTestAppTests.xctest */,
			);
			name = Products;
			sourceTree = "<group>";
		};
		043EE4381AAA0D3C00D150F9 /* InstagramTestApp */ = {
			isa = PBXGroup;
			children = (
				043EE43D1AAA0D3C00D150F9 /* AppDelegate.h */,
				043EE43E1AAA0D3C00D150F9 /* AppDelegate.m */,
				043EE4401AAA0D3C00D150F9 /* ViewController.h */,
				043EE4411AAA0D3C00D150F9 /* ViewController.m */,
				043EE4431AAA0D3C00D150F9 /* Main.storyboard */,
				043EE4461AAA0D3C00D150F9 /* Images.xcassets */,
				043EE4481AAA0D3D00D150F9 /* LaunchScreen.xib */,
				043EE4391AAA0D3C00D150F9 /* Supporting Files */,
			);
			path = InstagramTestApp;
			sourceTree = "<group>";
		};
		043EE4391AAA0D3C00D150F9 /* Supporting Files */ = {
			isa = PBXGroup;
			children = (
				043EE43A1AAA0D3C00D150F9 /* Info.plist */,
				043EE43B1AAA0D3C00D150F9 /* main.m */,
			);
			name = "Supporting Files";
			sourceTree = "<group>";
		};
		043EE4521AAA0D3D00D150F9 /* InstagramTestAppTests */ = {
			isa = PBXGroup;
			children = (
				043EE4551AAA0D3D00D150F9 /* InstagramTestAppTests.m */,
				043EE4531AAA0D3D00D150F9 /* Supporting Files */,
			);
			path = InstagramTestAppTests;
			sourceTree = "<group>";
		};
		043EE4531AAA0D3D00D150F9 /* Supporting Files */ = {
			isa = PBXGroup;
			children = (
				043EE4541AAA0D3D00D150F9 /* Info.plist */,
			);
			name = "Supporting Files";
			sourceTree = "<group>";
		};
/* End PBXGroup section */

/* Begin PBXNativeTarget section */
		043EE4351AAA0D3C00D150F9 /* InstagramTestApp */ = {
			isa = PBXNativeTarget;
			buildConfigurationList = 043EE4591AAA0D3D00D150F9 /* Build configuration list for PBXNativeTarget "InstagramTestApp" */;
			buildPhases = (
				043EE4321AAA0D3C00D150F9 /* Sources */,
				043EE4331AAA0D3C00D150F9 /* Frameworks */,
				043EE4341AAA0D3C00D150F9 /* Resources */,
			);
			buildRules = (
			);
			dependencies = (
			);
			name = InstagramTestApp;
			productName = InstagramTestApp;
			productReference = 043EE4361AAA0D3C00D150F9 /* InstagramTestApp.app */;
			productType = "com.apple.product-type.application";
		};
		043EE44E1AAA0D3D00D150F9 /* InstagramTestAppTests */ = {
			isa = PBXNativeTarget;
			buildConfigurationList = 043EE45C1AAA0D3D00D150F9 /* Build configuration list for PBXNativeTarget "InstagramTestAppTests" */;
			buildPhases = (
				043EE44B1AAA0D3D00D150F9 /* Sources */,
				043EE44C1AAA0D3D00D150F9 /* Frameworks */,
				043EE44D1AAA0D3D00D150F9 /* Resources */,
			);
			buildRules = (
			);
			dependencies = (
				043EE4511AAA0D3D00D150F9 /* PBXTargetDependency */,
			);
			name = InstagramTestAppTests;
			productName = InstagramTestAppTests;
			productReference = 043EE44F1AAA0D3D00D150F9 /* InstagramTestAppTests.xctest */;
			productType = "com.apple.product-type.bundle.unit-test";
		};
/* End PBXNativeTarget section */

/* Begin PBXProject section */
		043EE42E1AAA0D3C00D150F9 /* Project object */ = {
			isa = PBXProject;
			attributes = {
				LastUpgradeCheck = 0610;
				ORGANIZATIONNAME = "Artem Porohov";
				TargetAttributes = {
					043EE4351AAA0D3C00D150F9 = {
						CreatedOnToolsVersion = 6.1.1;
					};
					043EE44E1AAA0D3D00D150F9 = {
						CreatedOnToolsVersion = 6.1.1;
						TestTargetID = 043EE4351AAA0D3C00D150F9;
					};
				};
			};
			buildConfigurationList = 043EE4311AAA0D3C00D150F9 /* Build configuration list for PBXProject "InstagramTestApp" */;
			compatibilityVersion = "Xcode 3.2";
			developmentRegion = English;
			hasScannedForEncodings = 0;
			knownRegions = (
				en,
				Base,
			);
			mainGroup = 043EE42D1AAA0D3C00D150F9;
			productRefGroup = 043EE4371AAA0D3C00D150F9 /* Products */;
			projectDirPath = "";
			projectRoot = "";
			targets = (
				043EE4351AAA0D3C00D150F9 /* InstagramTestApp */,
				043EE44E1AAA0D3D00D150F9 /* InstagramTestAppTests */,
			);
		};
/* End PBXProject section */

/* Begin PBXResourcesBuildPhase section */
		043EE4341AAA0D3C00D150F9 /* Resources */ = {
			isa = PBXResourcesBuildPhase;
			buildActionMask = 2147483647;
			files = (
				043EE4451AAA0D3C00D150F9 /* Main.storyboard in Resources */,
				043EE44A1AAA0D3D00D150F9 /* LaunchScreen.xib in Resources */,
				043EE4471AAA0D3C00D150F9 /* Images.xcassets in Resources */,
			);
			runOnlyForDeploymentPostprocessing = 0;
		};
		043EE44D1AAA0D3D00D150F9 /* Resources */ = {
			isa = PBXResourcesBuildPhase;
			buildActionMask = 2147483647;
			files = (
			);
			runOnlyForDeploymentPostprocessing = 0;
		};
/* End PBXResourcesBuildPhase section */

/* Begin PBXSourcesBuildPhase section */
		043EE4321AAA0D3C00D150F9 /* Sources */ = {
			isa = PBXSourcesBuildPhase;
			buildActionMask = 2147483647;
			files = (
				043EE4421AAA0D3C00D150F9 /* ViewController.m in Sources */,
				043EE43F1AAA0D3C00D150F9 /* AppDelegate.m in Sources */,
				043EE43C1AAA0D3C00D150F9 /* main.m in Sources */,
			);
			runOnlyForDeploymentPostprocessing = 0;
		};
		043EE44B1AAA0D3D00D150F9 /* Sources */ = {
			isa = PBXSourcesBuildPhase;
			buildActionMask = 2147483647;
			files = (
				043EE4561AAA0D3D00D150F9 /* InstagramTestAppTests.m in Sources */,
			);
			runOnlyForDeploymentPostprocessing = 0;
		};
/* End PBXSourcesBuildPhase section */

/* Begin PBXTargetDependency section */
		043EE4511AAA0D3D00D150F9 /* PBXTargetDependency */ = {
			isa = PBXTargetDependency;
			target = 043EE4351AAA0D3C00D150F9 /* InstagramTestApp */;
			targetProxy = 043EE4501AAA0D3D00D150F9 /* PBXContainerItemProxy */;
		};
/* End PBXTargetDependency section */

/* Begin PBXVariantGroup section */
		043EE4431AAA0D3C00D150F9 /* Main.storyboard */ = {
			isa = PBXVariantGroup;
			children = (
				043EE4441AAA0D3C00D150F9 /* Base */,
			);
			name = Main.storyboard;
			sourceTree = "<group>";
		};
		043EE4481AAA0D3D00D150F9 /* LaunchScreen.xib */ = {
			isa = PBXVariantGroup;
			children = (
				043EE4491AAA0D3D00D150F9 /* Base */,
			);
			name = LaunchScreen.xib;
			sourceTree = "<group>";
		};
/* End PBXVariantGroup section */

/* Begin XCBuildConfiguration section */
		043EE4571AAA0D3D00D150F9 /* Debug */ = {
			isa = XCBuildConfiguration;
			buildSettings = {
				ALWAYS_SEARCH_USER_PATHS = NO;
				CLANG_CXX_LANGUAGE_STANDARD = "gnu++0x";
				CLANG_CXX_LIBRARY = "libc++";
				CLANG_ENABLE_MODULES = YES;
				CLANG_ENABLE_OBJC_ARC = YES;
				CLANG_WARN_BOOL_CONVERSION = YES;
				CLANG_WARN_CONSTANT_CONVERSION = YES;
				CLANG_WARN_DIRECT_OBJC_ISA_USAGE = YES_ERROR;
				CLANG_WARN_EMPTY_BODY = YES;
				CLANG_WARN_ENUM_CONVERSION = YES;
				CLANG_WARN_INT_CONVERSION = YES;
				CLANG_WARN_OBJC_ROOT_CLASS = YES_ERROR;
				CLANG_WARN_UNREACHABLE_CODE = YES;
				CLANG_WARN__DUPLICATE_METHOD_MATCH = YES;
				"CODE_SIGN_IDENTITY[sdk=iphoneos*]" = "iPhone Developer";
				COPY_PHASE_STRIP = NO;
				ENABLE_STRICT_OBJC_MSGSEND = YES;
				GCC_C_LANGUAGE_STANDARD = gnu99;
				GCC_DYNAMIC_NO_PIC = NO;
				GCC_OPTIMIZATION_LEVEL = 0;
				GCC_PREPROCESSOR_DEFINITIONS = (
					"DEBUG=1",
					"$(inherited)",
				);
				GCC_SYMBOLS_PRIVATE_EXTERN = NO;
				GCC_WARN_64_TO_32_BIT_CONVERSION = YES;
				GCC_WARN_ABOUT_RETURN_TYPE = YES_ERROR;
				GCC_WARN_UNDECLARED_SELECTOR = YES;
				GCC_WARN_UNINITIALIZED_AUTOS = YES_AGGRESSIVE;
				GCC_WARN_UNUSED_FUNCTION = YES;
				GCC_WARN_UNUSED_VARIABLE = YES;
				IPHONEOS_DEPLOYMENT_TARGET = 8.1;
				MTL_ENABLE_DEBUG_INFO = YES;
				ONLY_ACTIVE_ARCH = YES;
				SDKROOT = iphoneos;
			};
			name = Debug;
		};
		043EE4581AAA0D3D00D150F9 /* Release */ = {
			isa = XCBuildConfiguration;
			buildSettings = {
				ALWAYS_SEARCH_USER_PATHS = NO;
				CLANG_CXX_LANGUAGE_STANDARD = "gnu++0x";
				CLANG_CXX_LIBRARY = "libc++";
				CLANG_ENABLE_MODULES = YES;
				CLANG_ENABLE_OBJC_ARC = YES;
				CLANG_WARN_BOOL_CONVERSION = YES;
				CLANG_WARN_CONSTANT_CONVERSION = YES;
				CLANG_WARN_DIRECT_OBJC_ISA_USAGE = YES_ERROR;
				CLANG_WARN_EMPTY_BODY = YES;
				CLANG_WARN_ENUM_CONVERSION = YES;
				CLANG_WARN_INT_CONVERSION = YES;
				CLANG_WARN_OBJC_ROOT_CLASS = YES_ERROR;
				CLANG_WARN_UNREACHABLE_CODE = YES;
				CLANG_WARN__DUPLICATE_METHOD_MATCH = YES;
				"CODE_SIGN_IDENTITY[sdk=iphoneos*]" = "iPhone Developer";
				COPY_PHASE_STRIP = YES;
				ENABLE_NS_ASSERTIONS = NO;
				ENABLE_STRICT_OBJC_MSGSEND = YES;
				GCC_C_LANGUAGE_STANDARD = gnu99;
				GCC_WARN_64_TO_32_BIT_CONVERSION = YES;
				GCC_WARN_ABOUT_RETURN_TYPE = YES_ERROR;
				GCC_WARN_UNDECLARED_SELECTOR = YES;
				GCC_WARN_UNINITIALIZED_AUTOS = YES_AGGRESSIVE;
				GCC_WARN_UNUSED_FUNCTION = YES;
				GCC_WARN_UNUSED_VARIABLE = YES;
				IPHONEOS_DEPLOYMENT_TARGET = 8.1;
				MTL_ENABLE_DEBUG_INFO = NO;
				SDKROOT = iphoneos;
				VALIDATE_PRODUCT = YES;
			};
			name = Release;
		};
		043EE45A1AAA0D3D00D150F9 /* Debug */ = {
			isa = XCBuildConfiguration;
			buildSettings = {
				ASSETCATALOG_COMPILER_APPICON_NAME = AppIcon;
				INFOPLIST_FILE = InstagramTestApp/Info.plist;
				LD_RUNPATH_SEARCH_PATHS = "$(inherited) @executable_path/Frameworks";
				PRODUCT_NAME = "$(TARGET_NAME)";
			};
			name = Debug;
		};
		043EE45B1AAA0D3D00D150F9 /* Release */ = {
			isa = XCBuildConfiguration;
			buildSettings = {
				ASSETCATALOG_COMPILER_APPICON_NAME = AppIcon;
				INFOPLIST_FILE = InstagramTestApp/Info.plist;
				LD_RUNPATH_SEARCH_PATHS = "$(inherited) @executable_path/Frameworks";
				PRODUCT_NAME = "$(TARGET_NAME)";
			};
			name = Release;
		};
		043EE45D1AAA0D3D00D150F9 /* Debug */ = {
			isa = XCBuildConfiguration;
			buildSettings = {
				BUNDLE_LOADER = "$(TEST_HOST)";
				FRAMEWORK_SEARCH_PATHS = (
					"$(SDKROOT)/Developer/Library/Frameworks",
					"$(inherited)",
				);
				GCC_PREPROCESSOR_DEFINITIONS = (
					"DEBUG=1",
					"$(inherited)",
				);
				INFOPLIST_FILE = InstagramTestAppTests/Info.plist;
				LD_RUNPATH_SEARCH_PATHS = "$(inherited) @executable_path/Frameworks @loader_path/Frameworks";
				PRODUCT_NAME = "$(TARGET_NAME)";
				TEST_HOST = "$(BUILT_PRODUCTS_DIR)/InstagramTestApp.app/InstagramTestApp";
			};
			name = Debug;
		};
		043EE45E1AAA0D3D00D150F9 /* Release */ = {
			isa = XCBuildConfiguration;
			buildSettings = {
				BUNDLE_LOADER = "$(TEST_HOST)";
				FRAMEWORK_SEARCH_PATHS = (
					"$(SDKROOT)/Developer/Library/Frameworks",
					"$(inherited)",
				);
				INFOPLIST_FILE = InstagramTestAppTests/Info.plist;
				LD_RUNPATH_SEARCH_PATHS = "$(inherited) @executable_path/Frameworks @loader_path/Frameworks";
				PRODUCT_NAME = "$(TARGET_NAME)";
				TEST_HOST = "$(BUILT_PRODUCTS_DIR)/InstagramTestApp.app/InstagramTestApp";
			};
			name = Release;
		};
/* End XCBuildConfiguration section */

/* Begin XCConfigurationList section */
		043EE4311AAA0D3C00D150F9 /* Build configuration list for PBXProject "InstagramTestApp" */ = {
			isa = XCConfigurationList;
			buildConfigurations = (
				043EE4571AAA0D3D00D150F9 /* Debug */,
				043EE4581AAA0D3D00D150F9 /* Release */,
			);
			defaultConfigurationIsVisible = 0;
			defaultConfigurationName = Release;
		};
		043EE4591AAA0D3D00D150F9 /* Build configuration list for PBXNativeTarget "InstagramTestApp" */ = {
			isa = XCConfigurationList;
			buildConfigurations = (
				043EE45A1AAA0D3D00D150F9 /* Debug */,
				043EE45B1AAA0D3D00D150F9 /* Release */,
			);
			defaultConfigurationIsVisible = 0;
		};
		043EE45C1AAA0D3D00D150F9 /* Build configuration list for PBXNativeTarget "InstagramTestAppTests" */ = {
			isa = XCConfigurationList;
			buildConfigurations = (
				043EE45D1AAA0D3D00D150F9 /* Debug */,
				043EE45E1AAA0D3D00D150F9 /* Release */,
			);
			defaultConfigurationIsVisible = 0;
		};
/* End XCConfigurationList section */
	};
	rootObject = 043EE42E1AAA0D3C00D150F9 /* Project object */;
}
